// !$*UTF8*$!
{
	archiveVersion = 1;
	classes = {
	};
	objectVersion = 46;
	objects = {

/* Begin PBXBuildFile section */
		602E930D1CAC2C9E00D5AE8F /* GoogleService-Info.plist in Resources */ = {isa = PBXBuildFile; fileRef = 602E930C1CAC2C9E00D5AE8F /* GoogleService-Info.plist */; };
		602E930E1CAC2C9E00D5AE8F /* GoogleService-Info.plist in Resources */ = {isa = PBXBuildFile; fileRef = 602E930C1CAC2C9E00D5AE8F /* GoogleService-Info.plist */; };
		6068B1A21CA20EA0005305C7 /* CloudKit.framework in Frameworks */ = {isa = PBXBuildFile; fileRef = 6068B1A11CA20EA0005305C7 /* CloudKit.framework */; };
		607583BF1C9C88A100A513C5 /* AppDelegate.swift in Sources */ = {isa = PBXBuildFile; fileRef = 607583BE1C9C88A100A513C5 /* AppDelegate.swift */; };
		607583C11C9C88A100A513C5 /* ViewController.swift in Sources */ = {isa = PBXBuildFile; fileRef = 607583C01C9C88A100A513C5 /* ViewController.swift */; };
		607583C41C9C88A100A513C5 /* Main.storyboard in Resources */ = {isa = PBXBuildFile; fileRef = 607583C21C9C88A100A513C5 /* Main.storyboard */; };
		607583C61C9C88A200A513C5 /* Assets.xcassets in Resources */ = {isa = PBXBuildFile; fileRef = 607583C51C9C88A200A513C5 /* Assets.xcassets */; };
		607583C91C9C88A200A513C5 /* LaunchScreen.storyboard in Resources */ = {isa = PBXBuildFile; fileRef = 607583C71C9C88A200A513C5 /* LaunchScreen.storyboard */; };
		607583D41C9C88A200A513C5 /* PatientZeroTests.swift in Sources */ = {isa = PBXBuildFile; fileRef = 607583D31C9C88A200A513C5 /* PatientZeroTests.swift */; };
		887D33532094932ED42314EE /* Pods_PatientZero.framework in Frameworks */ = {isa = PBXBuildFile; fileRef = BB5FF010D4C7BF39FFF5431F /* Pods_PatientZero.framework */; };
/* End PBXBuildFile section */

/* Begin PBXContainerItemProxy section */
		607583D01C9C88A200A513C5 /* PBXContainerItemProxy */ = {
			isa = PBXContainerItemProxy;
			containerPortal = 607583B31C9C88A100A513C5 /* Project object */;
			proxyType = 1;
			remoteGlobalIDString = 607583BA1C9C88A100A513C5;
			remoteInfo = PatientZero;
		};
/* End PBXContainerItemProxy section */

/* Begin PBXFileReference section */
		602E930C1CAC2C9E00D5AE8F /* GoogleService-Info.plist */ = {isa = PBXFileReference; fileEncoding = 4; lastKnownFileType = text.plist.xml; name = "GoogleService-Info.plist"; path = "../../../../Downloads/GoogleService-Info.plist"; sourceTree = "<group>"; };
		6068B1A01CA20E99005305C7 /* PatientZero.entitlements */ = {isa = PBXFileReference; lastKnownFileType = text.xml; path = PatientZero.entitlements; sourceTree = "<group>"; };
		6068B1A11CA20EA0005305C7 /* CloudKit.framework */ = {isa = PBXFileReference; lastKnownFileType = wrapper.framework; name = CloudKit.framework; path = System/Library/Frameworks/CloudKit.framework; sourceTree = SDKROOT; };
		607583BB1C9C88A100A513C5 /* PatientZero.app */ = {isa = PBXFileReference; explicitFileType = wrapper.application; includeInIndex = 0; path = PatientZero.app; sourceTree = BUILT_PRODUCTS_DIR; };
		607583BE1C9C88A100A513C5 /* AppDelegate.swift */ = {isa = PBXFileReference; lastKnownFileType = sourcecode.swift; path = AppDelegate.swift; sourceTree = "<group>"; };
		607583C01C9C88A100A513C5 /* ViewController.swift */ = {isa = PBXFileReference; lastKnownFileType = sourcecode.swift; path = ViewController.swift; sourceTree = "<group>"; };
		607583C31C9C88A100A513C5 /* Base */ = {isa = PBXFileReference; lastKnownFileType = file.storyboard; name = Base; path = Base.lproj/Main.storyboard; sourceTree = "<group>"; };
		607583C51C9C88A200A513C5 /* Assets.xcassets */ = {isa = PBXFileReference; lastKnownFileType = folder.assetcatalog; path = Assets.xcassets; sourceTree = "<group>"; };
		607583C81C9C88A200A513C5 /* Base */ = {isa = PBXFileReference; lastKnownFileType = file.storyboard; name = Base; path = Base.lproj/LaunchScreen.storyboard; sourceTree = "<group>"; };
		607583CA1C9C88A200A513C5 /* Info.plist */ = {isa = PBXFileReference; lastKnownFileType = text.plist.xml; path = Info.plist; sourceTree = "<group>"; };
		607583CF1C9C88A200A513C5 /* PatientZeroTests.xctest */ = {isa = PBXFileReference; explicitFileType = wrapper.cfbundle; includeInIndex = 0; path = PatientZeroTests.xctest; sourceTree = BUILT_PRODUCTS_DIR; };
		607583D31C9C88A200A513C5 /* PatientZeroTests.swift */ = {isa = PBXFileReference; lastKnownFileType = sourcecode.swift; path = PatientZeroTests.swift; sourceTree = "<group>"; };
		607583D51C9C88A200A513C5 /* Info.plist */ = {isa = PBXFileReference; lastKnownFileType = text.plist.xml; path = Info.plist; sourceTree = "<group>"; };
		650D2A70056E7C73FFB5533F /* Pods-PatientZero.debug.xcconfig */ = {isa = PBXFileReference; includeInIndex = 1; lastKnownFileType = text.xcconfig; name = "Pods-PatientZero.debug.xcconfig"; path = "Pods/Target Support Files/Pods-PatientZero/Pods-PatientZero.debug.xcconfig"; sourceTree = "<group>"; };
		BB5FF010D4C7BF39FFF5431F /* Pods_PatientZero.framework */ = {isa = PBXFileReference; explicitFileType = wrapper.framework; includeInIndex = 0; path = Pods_PatientZero.framework; sourceTree = BUILT_PRODUCTS_DIR; };
		C8A07997E86B1FFBE3179C66 /* Pods-PatientZero.release.xcconfig */ = {isa = PBXFileReference; includeInIndex = 1; lastKnownFileType = text.xcconfig; name = "Pods-PatientZero.release.xcconfig"; path = "Pods/Target Support Files/Pods-PatientZero/Pods-PatientZero.release.xcconfig"; sourceTree = "<group>"; };
/* End PBXFileReference section */

/* Begin PBXFrameworksBuildPhase section */
		607583B81C9C88A100A513C5 /* Frameworks */ = {
			isa = PBXFrameworksBuildPhase;
			buildActionMask = 2147483647;
			files = (
				887D33532094932ED42314EE /* Pods_PatientZero.framework in Frameworks */,
				6068B1A21CA20EA0005305C7 /* CloudKit.framework in Frameworks */,
			);
			runOnlyForDeploymentPostprocessing = 0;
		};
		607583CC1C9C88A200A513C5 /* Frameworks */ = {
			isa = PBXFrameworksBuildPhase;
			buildActionMask = 2147483647;
			files = (
			);
			runOnlyForDeploymentPostprocessing = 0;
		};
/* End PBXFrameworksBuildPhase section */

/* Begin PBXGroup section */
		607583B21C9C88A100A513C5 = {
			isa = PBXGroup;
			children = (
				607583BD1C9C88A100A513C5 /* PatientZero */,
				607583D21C9C88A200A513C5 /* PatientZeroTests */,
				607583BC1C9C88A100A513C5 /* Products */,
				9B49106B374BA3A76784D0C3 /* Pods */,
				885E9755B174692ABEC4B92B /* Frameworks */,
			);
			sourceTree = "<group>";
		};
		607583BC1C9C88A100A513C5 /* Products */ = {
			isa = PBXGroup;
			children = (
				607583BB1C9C88A100A513C5 /* PatientZero.app */,
				607583CF1C9C88A200A513C5 /* PatientZeroTests.xctest */,
			);
			name = Products;
			sourceTree = "<group>";
		};
		607583BD1C9C88A100A513C5 /* PatientZero */ = {
			isa = PBXGroup;
			children = (
				6068B1A01CA20E99005305C7 /* PatientZero.entitlements */,
				607583BE1C9C88A100A513C5 /* AppDelegate.swift */,
				607583C01C9C88A100A513C5 /* ViewController.swift */,
				607583C21C9C88A100A513C5 /* Main.storyboard */,
				607583C51C9C88A200A513C5 /* Assets.xcassets */,
				607583C71C9C88A200A513C5 /* LaunchScreen.storyboard */,
				602E930C1CAC2C9E00D5AE8F /* GoogleService-Info.plist */,
				607583CA1C9C88A200A513C5 /* Info.plist */,
			);
			path = PatientZero;
			sourceTree = "<group>";
		};
		607583D21C9C88A200A513C5 /* PatientZeroTests */ = {
			isa = PBXGroup;
			children = (
				607583D31C9C88A200A513C5 /* PatientZeroTests.swift */,
				607583D51C9C88A200A513C5 /* Info.plist */,
			);
			path = PatientZeroTests;
			sourceTree = "<group>";
		};
		885E9755B174692ABEC4B92B /* Frameworks */ = {
			isa = PBXGroup;
			children = (
				6068B1A11CA20EA0005305C7 /* CloudKit.framework */,
				BB5FF010D4C7BF39FFF5431F /* Pods_PatientZero.framework */,
			);
			name = Frameworks;
			sourceTree = "<group>";
		};
		9B49106B374BA3A76784D0C3 /* Pods */ = {
			isa = PBXGroup;
			children = (
				650D2A70056E7C73FFB5533F /* Pods-PatientZero.debug.xcconfig */,
				C8A07997E86B1FFBE3179C66 /* Pods-PatientZero.release.xcconfig */,
			);
			name = Pods;
			sourceTree = "<group>";
		};
/* End PBXGroup section */

/* Begin PBXNativeTarget section */
		607583BA1C9C88A100A513C5 /* PatientZero */ = {
			isa = PBXNativeTarget;
			buildConfigurationList = 607583D81C9C88A200A513C5 /* Build configuration list for PBXNativeTarget "PatientZero" */;
			buildPhases = (
				2AAA293AA28900AA53C8914D /* Check Pods Manifest.lock */,
				607583B71C9C88A100A513C5 /* Sources */,
				607583B81C9C88A100A513C5 /* Frameworks */,
				607583B91C9C88A100A513C5 /* Resources */,
				830D2FC824FBC2645586D682 /* Embed Pods Frameworks */,
				59371313B2E4F0B0E09753FE /* Copy Pods Resources */,
			);
			buildRules = (
			);
			dependencies = (
			);
			name = PatientZero;
			productName = PatientZero;
			productReference = 607583BB1C9C88A100A513C5 /* PatientZero.app */;
			productType = "com.apple.product-type.application";
		};
		607583CE1C9C88A200A513C5 /* PatientZeroTests */ = {
			isa = PBXNativeTarget;
			buildConfigurationList = 607583DB1C9C88A200A513C5 /* Build configuration list for PBXNativeTarget "PatientZeroTests" */;
			buildPhases = (
				607583CB1C9C88A200A513C5 /* Sources */,
				607583CC1C9C88A200A513C5 /* Frameworks */,
				607583CD1C9C88A200A513C5 /* Resources */,
			);
			buildRules = (
			);
			dependencies = (
				607583D11C9C88A200A513C5 /* PBXTargetDependency */,
			);
			name = PatientZeroTests;
			productName = PatientZeroTests;
			productReference = 607583CF1C9C88A200A513C5 /* PatientZeroTests.xctest */;
			productType = "com.apple.product-type.bundle.unit-test";
		};
/* End PBXNativeTarget section */

/* Begin PBXProject section */
		607583B31C9C88A100A513C5 /* Project object */ = {
			isa = PBXProject;
			attributes = {
				LastSwiftUpdateCheck = 0720;
				LastUpgradeCheck = 0720;
				ORGANIZATIONNAME = DaemonDevelopment;
				TargetAttributes = {
					607583BA1C9C88A100A513C5 = {
						CreatedOnToolsVersion = 7.2.1;
						DevelopmentTeam = Z5MHH9DC93;
						SystemCapabilities = {
							com.apple.iCloud = {
								enabled = 1;
							};
						};
					};
					607583CE1C9C88A200A513C5 = {
						CreatedOnToolsVersion = 7.2.1;
						TestTargetID = 607583BA1C9C88A100A513C5;
					};
				};
			};
			buildConfigurationList = 607583B61C9C88A100A513C5 /* Build configuration list for PBXProject "PatientZero" */;
			compatibilityVersion = "Xcode 3.2";
			developmentRegion = English;
			hasScannedForEncodings = 0;
			knownRegions = (
				en,
				Base,
			);
			mainGroup = 607583B21C9C88A100A513C5;
			productRefGroup = 607583BC1C9C88A100A513C5 /* Products */;
			projectDirPath = "";
			projectRoot = "";
			targets = (
				607583BA1C9C88A100A513C5 /* PatientZero */,
				607583CE1C9C88A200A513C5 /* PatientZeroTests */,
			);
		};
/* End PBXProject section */

/* Begin PBXResourcesBuildPhase section */
		607583B91C9C88A100A513C5 /* Resources */ = {
			isa = PBXResourcesBuildPhase;
			buildActionMask = 2147483647;
			files = (
				607583C91C9C88A200A513C5 /* LaunchScreen.storyboard in Resources */,
				602E930D1CAC2C9E00D5AE8F /* GoogleService-Info.plist in Resources */,
				607583C61C9C88A200A513C5 /* Assets.xcassets in Resources */,
				607583C41C9C88A100A513C5 /* Main.storyboard in Resources */,
			);
			runOnlyForDeploymentPostprocessing = 0;
		};
		607583CD1C9C88A200A513C5 /* Resources */ = {
			isa = PBXResourcesBuildPhase;
			buildActionMask = 2147483647;
			files = (
				602E930E1CAC2C9E00D5AE8F /* GoogleService-Info.plist in Resources */,
			);
			runOnlyForDeploymentPostprocessing = 0;
		};
/* End PBXResourcesBuildPhase section */

/* Begin PBXShellScriptBuildPhase section */
		2AAA293AA28900AA53C8914D /* Check Pods Manifest.lock */ = {
			isa = PBXShellScriptBuildPhase;
			buildActionMask = 2147483647;
			files = (
			);
			inputPaths = (
			);
			name = "Check Pods Manifest.lock";
			outputPaths = (
			);
			runOnlyForDeploymentPostprocessing = 0;
			shellPath = /bin/sh;
			shellScript = "diff \"${PODS_ROOT}/../Podfile.lock\" \"${PODS_ROOT}/Manifest.lock\" > /dev/null\nif [[ $? != 0 ]] ; then\n    cat << EOM\nerror: The sandbox is not in sync with the Podfile.lock. Run 'pod install' or update your CocoaPods installation.\nEOM\n    exit 1\nfi\n";
			showEnvVarsInLog = 0;
		};
		59371313B2E4F0B0E09753FE /* Copy Pods Resources */ = {
			isa = PBXShellScriptBuildPhase;
			buildActionMask = 2147483647;
			files = (
			);
			inputPaths = (
			);
			name = "Copy Pods Resources";
			outputPaths = (
			);
			runOnlyForDeploymentPostprocessing = 0;
			shellPath = /bin/sh;
			shellScript = "\"${SRCROOT}/Pods/Target Support Files/Pods-PatientZero/Pods-PatientZero-resources.sh\"\n";
			showEnvVarsInLog = 0;
		};
		830D2FC824FBC2645586D682 /* Embed Pods Frameworks */ = {
			isa = PBXShellScriptBuildPhase;
			buildActionMask = 2147483647;
			files = (
			);
			inputPaths = (
			);
			name = "Embed Pods Frameworks";
			outputPaths = (
			);
			runOnlyForDeploymentPostprocessing = 0;
			shellPath = /bin/sh;
			shellScript = "\"${SRCROOT}/Pods/Target Support Files/Pods-PatientZero/Pods-PatientZero-frameworks.sh\"\n";
			showEnvVarsInLog = 0;
		};
/* End PBXShellScriptBuildPhase section */

/* Begin PBXSourcesBuildPhase section */
		607583B71C9C88A100A513C5 /* Sources */ = {
			isa = PBXSourcesBuildPhase;
			buildActionMask = 2147483647;
			files = (
				607583C11C9C88A100A513C5 /* ViewController.swift in Sources */,
				607583BF1C9C88A100A513C5 /* AppDelegate.swift in Sources */,
			);
			runOnlyForDeploymentPostprocessing = 0;
		};
		607583CB1C9C88A200A513C5 /* Sources */ = {
			isa = PBXSourcesBuildPhase;
			buildActionMask = 2147483647;
			files = (
				607583D41C9C88A200A513C5 /* PatientZeroTests.swift in Sources */,
			);
			runOnlyForDeploymentPostprocessing = 0;
		};
/* End PBXSourcesBuildPhase section */

/* Begin PBXTargetDependency section */
		607583D11C9C88A200A513C5 /* PBXTargetDependency */ = {
			isa = PBXTargetDependency;
			target = 607583BA1C9C88A100A513C5 /* PatientZero */;
			targetProxy = 607583D01C9C88A200A513C5 /* PBXContainerItemProxy */;
		};
/* End PBXTargetDependency section */

/* Begin PBXVariantGroup section */
		607583C21C9C88A100A513C5 /* Main.storyboard */ = {
			isa = PBXVariantGroup;
			children = (
				607583C31C9C88A100A513C5 /* Base */,
			);
			name = Main.storyboard;
			sourceTree = "<group>";
		};
		607583C71C9C88A200A513C5 /* LaunchScreen.storyboard */ = {
			isa = PBXVariantGroup;
			children = (
				607583C81C9C88A200A513C5 /* Base */,
			);
			name = LaunchScreen.storyboard;
			sourceTree = "<group>";
		};
/* End PBXVariantGroup section */

/* Begin XCBuildConfiguration section */
		607583D61C9C88A200A513C5 /* Debug */ = {
			isa = XCBuildConfiguration;
			buildSettings = {
				ALWAYS_SEARCH_USER_PATHS = NO;
				CLANG_CXX_LANGUAGE_STANDARD = "gnu++0x";
				CLANG_CXX_LIBRARY = "libc++";
				CLANG_ENABLE_MODULES = YES;
				CLANG_ENABLE_OBJC_ARC = YES;
				CLANG_WARN_BOOL_CONVERSION = YES;
				CLANG_WARN_CONSTANT_CONVERSION = YES;
				CLANG_WARN_DIRECT_OBJC_ISA_USAGE = YES_ERROR;
				CLANG_WARN_EMPTY_BODY = YES;
				CLANG_WARN_ENUM_CONVERSION = YES;
				CLANG_WARN_INT_CONVERSION = YES;
				CLANG_WARN_OBJC_ROOT_CLASS = YES_ERROR;
				CLANG_WARN_UNREACHABLE_CODE = YES;
				CLANG_WARN__DUPLICATE_METHOD_MATCH = YES;
				"CODE_SIGN_IDENTITY[sdk=iphoneos*]" = "iPhone Developer";
				COPY_PHASE_STRIP = NO;
				DEBUG_INFORMATION_FORMAT = dwarf;
				ENABLE_STRICT_OBJC_MSGSEND = YES;
				ENABLE_TESTABILITY = YES;
				GCC_C_LANGUAGE_STANDARD = gnu99;
				GCC_DYNAMIC_NO_PIC = NO;
				GCC_NO_COMMON_BLOCKS = YES;
				GCC_OPTIMIZATION_LEVEL = 0;
				GCC_PREPROCESSOR_DEFINITIONS = (
					"DEBUG=1",
					"$(inherited)",
				);
				GCC_WARN_64_TO_32_BIT_CONVERSION = YES;
				GCC_WARN_ABOUT_RETURN_TYPE = YES_ERROR;
				GCC_WARN_UNDECLARED_SELECTOR = YES;
				GCC_WARN_UNINITIALIZED_AUTOS = YES_AGGRESSIVE;
				GCC_WARN_UNUSED_FUNCTION = YES;
				GCC_WARN_UNUSED_VARIABLE = YES;
				IPHONEOS_DEPLOYMENT_TARGET = 9.2;
				MTL_ENABLE_DEBUG_INFO = YES;
				ONLY_ACTIVE_ARCH = YES;
				SDKROOT = iphoneos;
				SWIFT_OPTIMIZATION_LEVEL = "-Onone";
			};
			name = Debug;
		};
		607583D71C9C88A200A513C5 /* Release */ = {
			isa = XCBuildConfiguration;
			buildSettings = {
				ALWAYS_SEARCH_USER_PATHS = NO;
				CLANG_CXX_LANGUAGE_STANDARD = "gnu++0x";
				CLANG_CXX_LIBRARY = "libc++";
				CLANG_ENABLE_MODULES = YES;
				CLANG_ENABLE_OBJC_ARC = YES;
				CLANG_WARN_BOOL_CONVERSION = YES;
				CLANG_WARN_CONSTANT_CONVERSION = YES;
				CLANG_WARN_DIRECT_OBJC_ISA_USAGE = YES_ERROR;
				CLANG_WARN_EMPTY_BODY = YES;
				CLANG_WARN_ENUM_CONVERSION = YES;
				CLANG_WARN_INT_CONVERSION = YES;
				CLANG_WARN_OBJC_ROOT_CLASS = YES_ERROR;
				CLANG_WARN_UNREACHABLE_CODE = YES;
				CLANG_WARN__DUPLICATE_METHOD_MATCH = YES;
				"CODE_SIGN_IDENTITY[sdk=iphoneos*]" = "iPhone Developer";
				COPY_PHASE_STRIP = NO;
				DEBUG_INFORMATION_FORMAT = "dwarf-with-dsym";
				ENABLE_NS_ASSERTIONS = NO;
				ENABLE_STRICT_OBJC_MSGSEND = YES;
				GCC_C_LANGUAGE_STANDARD = gnu99;
				GCC_NO_COMMON_BLOCKS = YES;
				GCC_WARN_64_TO_32_BIT_CONVERSION = YES;
				GCC_WARN_ABOUT_RETURN_TYPE = YES_ERROR;
				GCC_WARN_UNDECLARED_SELECTOR = YES;
				GCC_WARN_UNINITIALIZED_AUTOS = YES_AGGRESSIVE;
				GCC_WARN_UNUSED_FUNCTION = YES;
				GCC_WARN_UNUSED_VARIABLE = YES;
				IPHONEOS_DEPLOYMENT_TARGET = 9.2;
				MTL_ENABLE_DEBUG_INFO = NO;
				SDKROOT = iphoneos;
				VALIDATE_PRODUCT = YES;
			};
			name = Release;
		};
		607583D91C9C88A200A513C5 /* Debug */ = {
			isa = XCBuildConfiguration;
			baseConfigurationReference = 650D2A70056E7C73FFB5533F /* Pods-PatientZero.debug.xcconfig */;
			buildSettings = {
				ASSETCATALOG_COMPILER_APPICON_NAME = AppIcon;
				CODE_SIGN_ENTITLEMENTS = PatientZero/PatientZero.entitlements;
				CODE_SIGN_IDENTITY = "iPhone Developer";
				"CODE_SIGN_IDENTITY[sdk=iphoneos*]" = "iPhone Developer";
				INFOPLIST_FILE = PatientZero/Info.plist;
				LD_RUNPATH_SEARCH_PATHS = "$(inherited) @executable_path/Frameworks";
				PRODUCT_BUNDLE_IDENTIFIER = com.CatronSquad.PatientZero;
				PRODUCT_NAME = "$(TARGET_NAME)";
				PROVISIONING_PROFILE = "";
			};
			name = Debug;
		};
		607583DA1C9C88A200A513C5 /* Release */ = {
			isa = XCBuildConfiguration;
			baseConfigurationReference = C8A07997E86B1FFBE3179C66 /* Pods-PatientZero.release.xcconfig */;
			buildSettings = {
				ASSETCATALOG_COMPILER_APPICON_NAME = AppIcon;
				CODE_SIGN_ENTITLEMENTS = PatientZero/PatientZero.entitlements;
				CODE_SIGN_IDENTITY = "iPhone Developer";
				"CODE_SIGN_IDENTITY[sdk=iphoneos*]" = "iPhone Developer";
				INFOPLIST_FILE = PatientZero/Info.plist;
				LD_RUNPATH_SEARCH_PATHS = "$(inherited) @executable_path/Frameworks";
				PRODUCT_BUNDLE_IDENTIFIER = com.CatronSquad.PatientZero;
				PRODUCT_NAME = "$(TARGET_NAME)";
				PROVISIONING_PROFILE = "";
			};
			name = Release;
		};
		607583DC1C9C88A200A513C5 /* Debug */ = {
			isa = XCBuildConfiguration;
			buildSettings = {
				BUNDLE_LOADER = "$(TEST_HOST)";
				INFOPLIST_FILE = PatientZeroTests/Info.plist;
				LD_RUNPATH_SEARCH_PATHS = "$(inherited) @executable_path/Frameworks @loader_path/Frameworks";
				PRODUCT_BUNDLE_IDENTIFIER = com.CatronSquad.PatientZeroTests;
				PRODUCT_NAME = "$(TARGET_NAME)";
				TEST_HOST = "$(BUILT_PRODUCTS_DIR)/PatientZero.app/PatientZero";
			};
			name = Debug;
		};
		607583DD1C9C88A200A513C5 /* Release */ = {
			isa = XCBuildConfiguration;
			buildSettings = {
				BUNDLE_LOADER = "$(TEST_HOST)";
				INFOPLIST_FILE = PatientZeroTests/Info.plist;
				LD_RUNPATH_SEARCH_PATHS = "$(inherited) @executable_path/Frameworks @loader_path/Frameworks";
				PRODUCT_BUNDLE_IDENTIFIER = com.CatronSquad.PatientZeroTests;
				PRODUCT_NAME = "$(TARGET_NAME)";
				TEST_HOST = "$(BUILT_PRODUCTS_DIR)/PatientZero.app/PatientZero";
			};
			name = Release;
		};
/* End XCBuildConfiguration section */

/* Begin XCConfigurationList section */
		607583B61C9C88A100A513C5 /* Build configuration list for PBXProject "PatientZero" */ = {
			isa = XCConfigurationList;
			buildConfigurations = (
				607583D61C9C88A200A513C5 /* Debug */,
				607583D71C9C88A200A513C5 /* Release */,
			);
			defaultConfigurationIsVisible = 0;
			defaultConfigurationName = Release;
		};
		607583D81C9C88A200A513C5 /* Build configuration list for PBXNativeTarget "PatientZero" */ = {
			isa = XCConfigurationList;
			buildConfigurations = (
				607583D91C9C88A200A513C5 /* Debug */,
				607583DA1C9C88A200A513C5 /* Release */,
			);
			defaultConfigurationIsVisible = 0;
			defaultConfigurationName = Release;
		};
		607583DB1C9C88A200A513C5 /* Build configuration list for PBXNativeTarget "PatientZeroTests" */ = {
			isa = XCConfigurationList;
			buildConfigurations = (
				607583DC1C9C88A200A513C5 /* Debug */,
				607583DD1C9C88A200A513C5 /* Release */,
			);
			defaultConfigurationIsVisible = 0;
			defaultConfigurationName = Release;
		};
/* End XCConfigurationList section */
	};
	rootObject = 607583B31C9C88A100A513C5 /* Project object */;
}
